
Microsoft Visual Studio Solution File, Format Version 12.00
# Visual Studio Version 16
VisualStudioVersion = 16.0.31410.357
MinimumVisualStudioVersion = 10.0.40219.1
Project("{9A19103F-16F7-4668-BE54-9A1E7A4F7556}") = "ApiWebGame", "ApiWebGame\ApiWebGame.csproj", "{B4D69910-63EE-4E1C-86EA-9F2FBCDBBBC9}"
EndProject
Global
	GlobalSection(SolutionConfigurationPlatforms) = preSolution
		Debug|Any CPU = Debug|Any CPU
		Release|Any CPU = Release|Any CPU
	EndGlobalSection
	GlobalSection(ProjectConfigurationPlatforms) = postSolution
		{B4D69910-63EE-4E1C-86EA-9F2FBCDBBBC9}.Debug|Any CPU.ActiveCfg = Debug|Any CPU
		{B4D69910-63EE-4E1C-86EA-9F2FBCDBBBC9}.Debug|Any CPU.Build.0 = Debug|Any CPU
		{B4D69910-63EE-4E1C-86EA-9F2FBCDBBBC9}.Release|Any CPU.ActiveCfg = Release|Any CPU
		{B4D69910-63EE-4E1C-86EA-9F2FBCDBBBC9}.Release|Any CPU.Build.0 = Release|Any CPU
	EndGlobalSection
	GlobalSection(SolutionProperties) = preSolution
		HideSolutionNode = FALSE
	EndGlobalSection
	GlobalSection(ExtensibilityGlobals) = postSolution
		SolutionGuid = {DA033547-5621-44D4-9093-9C39D86AFF65}
	EndGlobalSection
EndGlobal
